
Microsoft Visual Studio Solution File, Format Version 12.00
# Visual Studio 14
VisualStudioVersion = 14.0.24720.0
MinimumVisualStudioVersion = 10.0.40219.1
Project("{FAE04EC0-301F-11D3-BF4B-00C04F79EFBC}") = "CKWMS", "CKWMS\CKWMS.csproj", "{8216081D-C78E-4DAF-BDF8-8266B9F1B67A}"
EndProject
Project("{FAE04EC0-301F-11D3-BF4B-00C04F79EFBC}") = "CKWMS.DAL", "CKWMS.DAL\CKWMS.DAL.csproj", "{8649A500-0AB8-4B53-8F93-623722B1D18C}"
EndProject
Project("{FAE04EC0-301F-11D3-BF4B-00C04F79EFBC}") = "CKWMS.IDAL", "CKWMS.IDAL\CKWMS.IDAL.csproj", "{6BEB8A5E-5560-4A4A-8F11-1E7970BD99FB}"
EndProject
Project("{FAE04EC0-301F-11D3-BF4B-00C04F79EFBC}") = "CKWMS.BSL", "CKWMS.BSL\CKWMS.BSL.csproj", "{8AAA9BDB-DE48-4022-BBE0-51A1310AECEE}"
EndProject
Project("{FAE04EC0-301F-11D3-BF4B-00C04F79EFBC}") = "CKWMS.IBSL", "CKWMS.IBSL\CKWMS.IBSL.csproj", "{F599192B-E768-4D49-9E89-39D9AABD2F44}"
EndProject
Project("{FAE04EC0-301F-11D3-BF4B-00C04F79EFBC}") = "CKWMS.EFModels", "CKWMS.EFModels\CKWMS.EFModels.csproj", "{D0E274D8-D3AD-49AF-A073-BF07DDC68512}"
EndProject
Project("{FAE04EC0-301F-11D3-BF4B-00C04F79EFBC}") = "CKWMS.Common", "CKWMS.Common\CKWMS.Common.csproj", "{8A14A097-A652-4BA4-9B42-45745F20F4F3}"
EndProject
Project("{F088123C-0E9E-452A-89E6-6BA2F21D5CAC}") = "CKWMS.MP", "CKWMS.MP\CKWMS.MP.modelproj", "{7128BF09-799E-4370-8C7D-71A7A9542884}"
EndProject
Global
	GlobalSection(SolutionConfigurationPlatforms) = preSolution
		Debug|Any CPU = Debug|Any CPU
		Release|Any CPU = Release|Any CPU
	EndGlobalSection
	GlobalSection(ProjectConfigurationPlatforms) = postSolution
		{8216081D-C78E-4DAF-BDF8-8266B9F1B67A}.Debug|Any CPU.ActiveCfg = Debug|Any CPU
		{8216081D-C78E-4DAF-BDF8-8266B9F1B67A}.Debug|Any CPU.Build.0 = Debug|Any CPU
		{8216081D-C78E-4DAF-BDF8-8266B9F1B67A}.Release|Any CPU.ActiveCfg = Release|Any CPU
		{8216081D-C78E-4DAF-BDF8-8266B9F1B67A}.Release|Any CPU.Build.0 = Release|Any CPU
		{8649A500-0AB8-4B53-8F93-623722B1D18C}.Debug|Any CPU.ActiveCfg = Debug|Any CPU
		{8649A500-0AB8-4B53-8F93-623722B1D18C}.Debug|Any CPU.Build.0 = Debug|Any CPU
		{8649A500-0AB8-4B53-8F93-623722B1D18C}.Release|Any CPU.ActiveCfg = Release|Any CPU
		{8649A500-0AB8-4B53-8F93-623722B1D18C}.Release|Any CPU.Build.0 = Release|Any CPU
		{6BEB8A5E-5560-4A4A-8F11-1E7970BD99FB}.Debug|Any CPU.ActiveCfg = Debug|Any CPU
		{6BEB8A5E-5560-4A4A-8F11-1E7970BD99FB}.Debug|Any CPU.Build.0 = Debug|Any CPU
		{6BEB8A5E-5560-4A4A-8F11-1E7970BD99FB}.Release|Any CPU.ActiveCfg = Release|Any CPU
		{6BEB8A5E-5560-4A4A-8F11-1E7970BD99FB}.Release|Any CPU.Build.0 = Release|Any CPU
		{8AAA9BDB-DE48-4022-BBE0-51A1310AECEE}.Debug|Any CPU.ActiveCfg = Debug|Any CPU
		{8AAA9BDB-DE48-4022-BBE0-51A1310AECEE}.Debug|Any CPU.Build.0 = Debug|Any CPU
		{8AAA9BDB-DE48-4022-BBE0-51A1310AECEE}.Release|Any CPU.ActiveCfg = Release|Any CPU
		{8AAA9BDB-DE48-4022-BBE0-51A1310AECEE}.Release|Any CPU.Build.0 = Release|Any CPU
		{F599192B-E768-4D49-9E89-39D9AABD2F44}.Debug|Any CPU.ActiveCfg = Debug|Any CPU
		{F599192B-E768-4D49-9E89-39D9AABD2F44}.Debug|Any CPU.Build.0 = Debug|Any CPU
		{F599192B-E768-4D49-9E89-39D9AABD2F44}.Release|Any CPU.ActiveCfg = Release|Any CPU
		{F599192B-E768-4D49-9E89-39D9AABD2F44}.Release|Any CPU.Build.0 = Release|Any CPU
		{D0E274D8-D3AD-49AF-A073-BF07DDC68512}.Debug|Any CPU.ActiveCfg = Debug|Any CPU
		{D0E274D8-D3AD-49AF-A073-BF07DDC68512}.Debug|Any CPU.Build.0 = Debug|Any CPU
		{D0E274D8-D3AD-49AF-A073-BF07DDC68512}.Release|Any CPU.ActiveCfg = Release|Any CPU
		{D0E274D8-D3AD-49AF-A073-BF07DDC68512}.Release|Any CPU.Build.0 = Release|Any CPU
		{8A14A097-A652-4BA4-9B42-45745F20F4F3}.Debug|Any CPU.ActiveCfg = Debug|Any CPU
		{8A14A097-A652-4BA4-9B42-45745F20F4F3}.Debug|Any CPU.Build.0 = Debug|Any CPU
		{8A14A097-A652-4BA4-9B42-45745F20F4F3}.Release|Any CPU.ActiveCfg = Release|Any CPU
		{8A14A097-A652-4BA4-9B42-45745F20F4F3}.Release|Any CPU.Build.0 = Release|Any CPU
		{7128BF09-799E-4370-8C7D-71A7A9542884}.Debug|Any CPU.ActiveCfg = Debug|Any CPU
		{7128BF09-799E-4370-8C7D-71A7A9542884}.Debug|Any CPU.Build.0 = Debug|Any CPU
		{7128BF09-799E-4370-8C7D-71A7A9542884}.Release|Any CPU.ActiveCfg = Release|Any CPU
		{7128BF09-799E-4370-8C7D-71A7A9542884}.Release|Any CPU.Build.0 = Release|Any CPU
	EndGlobalSection
	GlobalSection(SolutionProperties) = preSolution
		HideSolutionNode = FALSE
	EndGlobalSection
EndGlobal
